
Microsoft Visual Studio Solution File, Format Version 12.00
# Visual Studio Version 17
VisualStudioVersion = 17.5.002.0
MinimumVisualStudioVersion = 10.0.40219.1
Project("{2150E333-8FDC-42A3-9474-1A3956D46DE8}") = "forlob13_oop2", "forlob13_oop2", "{7EC82E4B-7509-4EA0-896B-004EF6B9AE4B}"
EndProject
Project("{2150E333-8FDC-42A3-9474-1A3956D46DE8}") = "del3", "del3", "{148FDED8-D440-49C8-A424-D84080D86BAB}"
EndProject
Project("{9A19103F-16F7-4668-BE54-9A1E7A4F7556}") = "myprogram", "forlob13_oop2\del3\myprogram\myprogram.csproj", "{396B7EAF-F75D-41E0-9C14-DB319AE371E6}"
EndProject
Global
	GlobalSection(SolutionConfigurationPlatforms) = preSolution
		Debug|Any CPU = Debug|Any CPU
		Release|Any CPU = Release|Any CPU
	EndGlobalSection
	GlobalSection(ProjectConfigurationPlatforms) = postSolution
		{396B7EAF-F75D-41E0-9C14-DB319AE371E6}.Debug|Any CPU.ActiveCfg = Debug|Any CPU
		{396B7EAF-F75D-41E0-9C14-DB319AE371E6}.Debug|Any CPU.Build.0 = Debug|Any CPU
		{396B7EAF-F75D-41E0-9C14-DB319AE371E6}.Release|Any CPU.ActiveCfg = Release|Any CPU
		{396B7EAF-F75D-41E0-9C14-DB319AE371E6}.Release|Any CPU.Build.0 = Release|Any CPU
	EndGlobalSection
	GlobalSection(SolutionProperties) = preSolution
		HideSolutionNode = FALSE
	EndGlobalSection
	GlobalSection(NestedProjects) = preSolution
		{148FDED8-D440-49C8-A424-D84080D86BAB} = {7EC82E4B-7509-4EA0-896B-004EF6B9AE4B}
		{396B7EAF-F75D-41E0-9C14-DB319AE371E6} = {148FDED8-D440-49C8-A424-D84080D86BAB}
	EndGlobalSection
	GlobalSection(ExtensibilityGlobals) = postSolution
		SolutionGuid = {EC3FCDEE-570A-4548-98AA-0B7C96CBD191}
	EndGlobalSection
EndGlobal
